
Microsoft Visual Studio Solution File, Format Version 12.00
# Visual Studio 15
VisualStudioVersion = 15.0.26228.4
MinimumVisualStudioVersion = 10.0.40219.1
Project("{FAE04EC0-301F-11D3-BF4B-00C04F79EFBC}") = "JobCore", "JobCore\JobCore.csproj", "{AE831787-97C6-4CAA-8242-F3622EE07CCD}"
EndProject
Project("{2150E333-8FDC-42A3-9474-1A3956D46DE8}") = "Tests", "Tests", "{2CB75E13-7344-45F0-884A-6C10B3ABE5C4}"
EndProject
Project("{FAE04EC0-301F-11D3-BF4B-00C04F79EFBC}") = "Job.Tests", "Job.Tests\Job.Tests.csproj", "{6BBF83B4-B95F-42F4-971F-623939931F59}"
EndProject
Project("{2150E333-8FDC-42A3-9474-1A3956D46DE8}") = "SampleJobs", "SampleJobs", "{E15C8860-C815-449F-A1FA-119FCDCB505C}"
EndProject
Project("{FAE04EC0-301F-11D3-BF4B-00C04F79EFBC}") = "SampleBasicJob", "SampleBasicJob\SampleBasicJob.csproj", "{86A03FC3-5426-482A-B3AD-070550E81D69}"
EndProject
Global
	GlobalSection(SolutionConfigurationPlatforms) = preSolution
		Debug|Any CPU = Debug|Any CPU
		Release|Any CPU = Release|Any CPU
	EndGlobalSection
	GlobalSection(ProjectConfigurationPlatforms) = postSolution
		{AE831787-97C6-4CAA-8242-F3622EE07CCD}.Debug|Any CPU.ActiveCfg = Debug|Any CPU
		{AE831787-97C6-4CAA-8242-F3622EE07CCD}.Debug|Any CPU.Build.0 = Debug|Any CPU
		{AE831787-97C6-4CAA-8242-F3622EE07CCD}.Release|Any CPU.ActiveCfg = Release|Any CPU
		{AE831787-97C6-4CAA-8242-F3622EE07CCD}.Release|Any CPU.Build.0 = Release|Any CPU
		{6BBF83B4-B95F-42F4-971F-623939931F59}.Debug|Any CPU.ActiveCfg = Debug|Any CPU
		{6BBF83B4-B95F-42F4-971F-623939931F59}.Debug|Any CPU.Build.0 = Debug|Any CPU
		{6BBF83B4-B95F-42F4-971F-623939931F59}.Release|Any CPU.ActiveCfg = Release|Any CPU
		{6BBF83B4-B95F-42F4-971F-623939931F59}.Release|Any CPU.Build.0 = Release|Any CPU
		{86A03FC3-5426-482A-B3AD-070550E81D69}.Debug|Any CPU.ActiveCfg = Debug|Any CPU
		{86A03FC3-5426-482A-B3AD-070550E81D69}.Debug|Any CPU.Build.0 = Debug|Any CPU
		{86A03FC3-5426-482A-B3AD-070550E81D69}.Release|Any CPU.ActiveCfg = Release|Any CPU
		{86A03FC3-5426-482A-B3AD-070550E81D69}.Release|Any CPU.Build.0 = Release|Any CPU
	EndGlobalSection
	GlobalSection(SolutionProperties) = preSolution
		HideSolutionNode = FALSE
	EndGlobalSection
	GlobalSection(NestedProjects) = preSolution
		{6BBF83B4-B95F-42F4-971F-623939931F59} = {2CB75E13-7344-45F0-884A-6C10B3ABE5C4}
		{86A03FC3-5426-482A-B3AD-070550E81D69} = {E15C8860-C815-449F-A1FA-119FCDCB505C}
	EndGlobalSection
EndGlobal
